
Microsoft Visual Studio Solution File, Format Version 12.00
# Visual Studio Version 16
VisualStudioVersion = 16.0.31515.178
MinimumVisualStudioVersion = 10.0.40219.1
Project("{FAE04EC0-301F-11D3-BF4B-00C04F79EFBC}") = "WPF_Car_Table", "WPF_Car_Table\WPF_Car_Table.csproj", "{4962BEA3-62B4-499C-91CA-A688459B8489}"
EndProject
Global
	GlobalSection(SolutionConfigurationPlatforms) = preSolution
		Debug|Any CPU = Debug|Any CPU
		Release|Any CPU = Release|Any CPU
	EndGlobalSection
	GlobalSection(ProjectConfigurationPlatforms) = postSolution
		{4962BEA3-62B4-499C-91CA-A688459B8489}.Debug|Any CPU.ActiveCfg = Debug|Any CPU
		{4962BEA3-62B4-499C-91CA-A688459B8489}.Debug|Any CPU.Build.0 = Debug|Any CPU
		{4962BEA3-62B4-499C-91CA-A688459B8489}.Release|Any CPU.ActiveCfg = Release|Any CPU
		{4962BEA3-62B4-499C-91CA-A688459B8489}.Release|Any CPU.Build.0 = Release|Any CPU
	EndGlobalSection
	GlobalSection(SolutionProperties) = preSolution
		HideSolutionNode = FALSE
	EndGlobalSection
	GlobalSection(ExtensibilityGlobals) = postSolution
		SolutionGuid = {C0447A83-27E3-40E8-BC7E-B8039CC14406}
	EndGlobalSection
EndGlobal
